
Microsoft Visual Studio Solution File, Format Version 12.00
# Visual Studio 14
VisualStudioVersion = 14.0.25123.0
MinimumVisualStudioVersion = 10.0.40219.1
Project("{FAE04EC0-301F-11D3-BF4B-00C04F79EFBC}") = "PasswordValidator", "PasswordValidator\PasswordValidator.csproj", "{0E574D44-80BE-4BE4-8640-439632A2B998}"
EndProject
Global
	GlobalSection(SolutionConfigurationPlatforms) = preSolution
		Debug|Any CPU = Debug|Any CPU
		Release|Any CPU = Release|Any CPU
	EndGlobalSection
	GlobalSection(ProjectConfigurationPlatforms) = postSolution
		{0E574D44-80BE-4BE4-8640-439632A2B998}.Debug|Any CPU.ActiveCfg = Debug|Any CPU
		{0E574D44-80BE-4BE4-8640-439632A2B998}.Debug|Any CPU.Build.0 = Debug|Any CPU
		{0E574D44-80BE-4BE4-8640-439632A2B998}.Release|Any CPU.ActiveCfg = Release|Any CPU
		{0E574D44-80BE-4BE4-8640-439632A2B998}.Release|Any CPU.Build.0 = Release|Any CPU
	EndGlobalSection
	GlobalSection(SolutionProperties) = preSolution
		HideSolutionNode = FALSE
	EndGlobalSection
EndGlobal
